
Microsoft Visual Studio Solution File, Format Version 12.00
# Visual Studio Version 17
VisualStudioVersion = 17.0.32126.317
MinimumVisualStudioVersion = 10.0.40219.1
Project("{FAE04EC0-301F-11D3-BF4B-00C04F79EFBC}") = "Overflow", "Overflow\Overflow.csproj", "{9E9C3051-61D3-4C10-9618-AE9FC2530B0C}"
EndProject
Global
	GlobalSection(SolutionConfigurationPlatforms) = preSolution
		Debug|Any CPU = Debug|Any CPU
		Release|Any CPU = Release|Any CPU
	EndGlobalSection
	GlobalSection(ProjectConfigurationPlatforms) = postSolution
		{9E9C3051-61D3-4C10-9618-AE9FC2530B0C}.Debug|Any CPU.ActiveCfg = Debug|Any CPU
		{9E9C3051-61D3-4C10-9618-AE9FC2530B0C}.Debug|Any CPU.Build.0 = Debug|Any CPU
		{9E9C3051-61D3-4C10-9618-AE9FC2530B0C}.Release|Any CPU.ActiveCfg = Release|Any CPU
		{9E9C3051-61D3-4C10-9618-AE9FC2530B0C}.Release|Any CPU.Build.0 = Release|Any CPU
	EndGlobalSection
	GlobalSection(SolutionProperties) = preSolution
		HideSolutionNode = FALSE
	EndGlobalSection
	GlobalSection(ExtensibilityGlobals) = postSolution
		SolutionGuid = {244446B7-BD3B-4E93-AE8F-6D2EF4EFAEC0}
	EndGlobalSection
EndGlobal
